
Microsoft Visual Studio Solution File, Format Version 10.00
# Visual Studio 2008
Project("{FAE04EC0-301F-11D3-BF4B-00C04F79EFBC}") = "txt2img", "txt2img\txt2img.csproj", "{67471171-D163-4056-A12B-781F0F86FE2C}"
EndProject
Global
	GlobalSection(SolutionConfigurationPlatforms) = preSolution
		Debug|x86 = Debug|x86
		Release|x86 = Release|x86
	EndGlobalSection
	GlobalSection(ProjectConfigurationPlatforms) = postSolution
		{67471171-D163-4056-A12B-781F0F86FE2C}.Debug|x86.ActiveCfg = Debug|x86
		{67471171-D163-4056-A12B-781F0F86FE2C}.Debug|x86.Build.0 = Debug|x86
		{67471171-D163-4056-A12B-781F0F86FE2C}.Release|x86.ActiveCfg = Release|x86
		{67471171-D163-4056-A12B-781F0F86FE2C}.Release|x86.Build.0 = Release|x86
	EndGlobalSection
	GlobalSection(MonoDevelopProperties) = preSolution
		StartupItem = txt2img\txt2img.csproj
		Policies = $0
		$0.VersionControlPolicy = $1
		$1.inheritsSet = Mono
	EndGlobalSection
EndGlobal
